
Microsoft Visual Studio Solution File, Format Version 12.00
# Visual Studio Version 17
VisualStudioVersion = 17.5.33414.496
MinimumVisualStudioVersion = 10.0.40219.1
Project("{FAE04EC0-301F-11D3-BF4B-00C04F79EFBC}") = "ControlWeldAttributes", "ControlWeldAttributes\ControlWeldAttributes.csproj", "{948FFD0C-ED2F-42CB-B723-B806701DC47A}"
EndProject
Global
	GlobalSection(SolutionConfigurationPlatforms) = preSolution
		Debug|Any CPU = Debug|Any CPU
		Release|Any CPU = Release|Any CPU
	EndGlobalSection
	GlobalSection(ProjectConfigurationPlatforms) = postSolution
		{948FFD0C-ED2F-42CB-B723-B806701DC47A}.Debug|Any CPU.ActiveCfg = Debug|Any CPU
		{948FFD0C-ED2F-42CB-B723-B806701DC47A}.Debug|Any CPU.Build.0 = Debug|Any CPU
		{948FFD0C-ED2F-42CB-B723-B806701DC47A}.Release|Any CPU.ActiveCfg = Release|Any CPU
		{948FFD0C-ED2F-42CB-B723-B806701DC47A}.Release|Any CPU.Build.0 = Release|Any CPU
	EndGlobalSection
	GlobalSection(SolutionProperties) = preSolution
		HideSolutionNode = FALSE
	EndGlobalSection
	GlobalSection(ExtensibilityGlobals) = postSolution
		SolutionGuid = {CC353674-65C6-4AF3-92BC-632D12E1FA37}
	EndGlobalSection
EndGlobal
